
Microsoft Visual Studio Solution File, Format Version 12.00
# Visual Studio Version 16
VisualStudioVersion = 16.0.30717.126
MinimumVisualStudioVersion = 10.0.40219.1
Project("{FAE04EC0-301F-11D3-BF4B-00C04F79EFBC}") = "WpfApp2", "WpfApp2\WpfApp2.csproj", "{012DA31B-7AF7-498B-BF19-1824FD63823B}"
EndProject
Project("{FAE04EC0-301F-11D3-BF4B-00C04F79EFBC}") = "updater", "updater\updater.csproj", "{3081887A-4DA3-46FC-8E15-C2FAAC75B4B0}"
EndProject
Global
	GlobalSection(SolutionConfigurationPlatforms) = preSolution
		Debug|Any CPU = Debug|Any CPU
		Release|Any CPU = Release|Any CPU
	EndGlobalSection
	GlobalSection(ProjectConfigurationPlatforms) = postSolution
		{012DA31B-7AF7-498B-BF19-1824FD63823B}.Debug|Any CPU.ActiveCfg = Debug|Any CPU
		{012DA31B-7AF7-498B-BF19-1824FD63823B}.Debug|Any CPU.Build.0 = Debug|Any CPU
		{012DA31B-7AF7-498B-BF19-1824FD63823B}.Release|Any CPU.ActiveCfg = Release|Any CPU
		{012DA31B-7AF7-498B-BF19-1824FD63823B}.Release|Any CPU.Build.0 = Release|Any CPU
		{3081887A-4DA3-46FC-8E15-C2FAAC75B4B0}.Debug|Any CPU.ActiveCfg = Debug|Any CPU
		{3081887A-4DA3-46FC-8E15-C2FAAC75B4B0}.Debug|Any CPU.Build.0 = Debug|Any CPU
		{3081887A-4DA3-46FC-8E15-C2FAAC75B4B0}.Release|Any CPU.ActiveCfg = Release|Any CPU
		{3081887A-4DA3-46FC-8E15-C2FAAC75B4B0}.Release|Any CPU.Build.0 = Release|Any CPU
	EndGlobalSection
	GlobalSection(SolutionProperties) = preSolution
		HideSolutionNode = FALSE
	EndGlobalSection
	GlobalSection(ExtensibilityGlobals) = postSolution
		SolutionGuid = {F7C7A294-7E39-4DB5-9A7C-40E9DB88A5E9}
	EndGlobalSection
EndGlobal
